
Microsoft Visual Studio Solution File, Format Version 12.00
# Visual Studio 14
VisualStudioVersion = 14.0.25420.1
MinimumVisualStudioVersion = 10.0.40219.1
Project("{FAE04EC0-301F-11D3-BF4B-00C04F79EFBC}") = "ProjCleaner", "ProjCleaner\ProjCleaner.csproj", "{44564CDF-7165-4172-847E-843A7E2602A9}"
EndProject
Global
	GlobalSection(SolutionConfigurationPlatforms) = preSolution
		Debug|Any CPU = Debug|Any CPU
		Release|Any CPU = Release|Any CPU
	EndGlobalSection
	GlobalSection(ProjectConfigurationPlatforms) = postSolution
		{44564CDF-7165-4172-847E-843A7E2602A9}.Debug|Any CPU.ActiveCfg = Debug|Any CPU
		{44564CDF-7165-4172-847E-843A7E2602A9}.Debug|Any CPU.Build.0 = Debug|Any CPU
		{44564CDF-7165-4172-847E-843A7E2602A9}.Release|Any CPU.ActiveCfg = Release|Any CPU
		{44564CDF-7165-4172-847E-843A7E2602A9}.Release|Any CPU.Build.0 = Release|Any CPU
	EndGlobalSection
	GlobalSection(SolutionProperties) = preSolution
		HideSolutionNode = FALSE
	EndGlobalSection
EndGlobal
